
Microsoft Visual Studio Solution File, Format Version 12.00
Project("{FAE04EC0-301F-11D3-BF4B-00C04F79EFBC}") = "FlowR.Core", "FlowR.Core\FlowR.Core.csproj", "{83E53264-F6ED-4B99-9D45-EE759DAE453D}"
EndProject
Project("{FAE04EC0-301F-11D3-BF4B-00C04F79EFBC}") = "FlowR.Core.Tests", "FlowR.Core.Tests\FlowR.Core.Tests.csproj", "{567EFBB8-AF26-4D7B-9702-B2F6B99F45F6}"
EndProject
Global
	GlobalSection(SolutionConfigurationPlatforms) = preSolution
		Debug|Any CPU = Debug|Any CPU
		Release|Any CPU = Release|Any CPU
	EndGlobalSection
	GlobalSection(ProjectConfigurationPlatforms) = postSolution
		{83E53264-F6ED-4B99-9D45-EE759DAE453D}.Debug|Any CPU.ActiveCfg = Debug|Any CPU
		{83E53264-F6ED-4B99-9D45-EE759DAE453D}.Debug|Any CPU.Build.0 = Debug|Any CPU
		{83E53264-F6ED-4B99-9D45-EE759DAE453D}.Release|Any CPU.ActiveCfg = Release|Any CPU
		{83E53264-F6ED-4B99-9D45-EE759DAE453D}.Release|Any CPU.Build.0 = Release|Any CPU
		{567EFBB8-AF26-4D7B-9702-B2F6B99F45F6}.Debug|Any CPU.ActiveCfg = Debug|Any CPU
		{567EFBB8-AF26-4D7B-9702-B2F6B99F45F6}.Debug|Any CPU.Build.0 = Debug|Any CPU
		{567EFBB8-AF26-4D7B-9702-B2F6B99F45F6}.Release|Any CPU.ActiveCfg = Release|Any CPU
		{567EFBB8-AF26-4D7B-9702-B2F6B99F45F6}.Release|Any CPU.Build.0 = Release|Any CPU
	EndGlobalSection
EndGlobal
