
Microsoft Visual Studio Solution File, Format Version 12.00
Project("{2150E333-8FDC-42A3-9474-1A3956D46DE8}") = "src", "src", "{5B49CD99-0794-4ED0-BB8A-B258B08761BB}"
EndProject
Project("{FAE04EC0-301F-11D3-BF4B-00C04F79EFBC}") = "FlowSpell", "src\FlowSpell\FlowSpell.csproj", "{A4E6F5CA-AEA8-4A83-81DA-DEAA76B38DCB}"
EndProject
Project("{2150E333-8FDC-42A3-9474-1A3956D46DE8}") = "presentation", "presentation", "{23EC0DD1-BD70-45D8-AFF2-4AF7E99C196B}"
EndProject
Project("{2150E333-8FDC-42A3-9474-1A3956D46DE8}") = "tests", "tests", "{0CE92EF6-2BC3-452A-9231-8B9A5FFAE13B}"
EndProject
Project("{FAE04EC0-301F-11D3-BF4B-00C04F79EFBC}") = "FlowSpell.Assemblies", "src\FlowSpell.Assemblies\FlowSpell.Assemblies.csproj", "{B235A313-9416-4BCA-8EFF-32955ED6EFF9}"
EndProject
Project("{FAE04EC0-301F-11D3-BF4B-00C04F79EFBC}") = "FlowSpell.Scripts", "src\FlowSpell.Scripts\FlowSpell.Scripts.csproj", "{3F59EA59-F834-44CB-9128-36DC8695B386}"
EndProject
Project("{FAE04EC0-301F-11D3-BF4B-00C04F79EFBC}") = "FlowSpell.UI", "presentation\FlowSpell.UI\FlowSpell.UI.csproj", "{F43517A2-7C1F-4AE7-BBEA-8410CED886C8}"
EndProject
Project("{FAE04EC0-301F-11D3-BF4B-00C04F79EFBC}") = "FlowSpell.Tests", "tests\FlowSpell.Tests\FlowSpell.Tests.csproj", "{13A9131D-430B-4C3E-95A2-7D0E489C41B8}"
EndProject
Project("{FAE04EC0-301F-11D3-BF4B-00C04F79EFBC}") = "FlowSpell.Redis", "src\FlowSpell.Redis\FlowSpell.Redis.csproj", "{02DF4966-78D6-4255-8DF3-664D3106A3F6}"
EndProject
Project("{FAE04EC0-301F-11D3-BF4B-00C04F79EFBC}") = "FlowSpell.LiteDB", "src\FlowSpell.LiteDB\FlowSpell.LiteDB.csproj", "{2844E557-44B0-44C6-B462-2D6059D7BDA1}"
EndProject
Project("{FAE04EC0-301F-11D3-BF4B-00C04F79EFBC}") = "FlowSpell.Azure", "src\FlowSpell.Azure\FlowSpell.Azure.csproj", "{CE67499D-462D-4A1F-902E-84B0EF4C714B}"
EndProject
Global
	GlobalSection(SolutionConfigurationPlatforms) = preSolution
		Debug|Any CPU = Debug|Any CPU
		Release|Any CPU = Release|Any CPU
	EndGlobalSection
	GlobalSection(ProjectConfigurationPlatforms) = postSolution
		{A4E6F5CA-AEA8-4A83-81DA-DEAA76B38DCB}.Debug|Any CPU.ActiveCfg = Debug|Any CPU
		{A4E6F5CA-AEA8-4A83-81DA-DEAA76B38DCB}.Debug|Any CPU.Build.0 = Debug|Any CPU
		{A4E6F5CA-AEA8-4A83-81DA-DEAA76B38DCB}.Release|Any CPU.ActiveCfg = Release|Any CPU
		{A4E6F5CA-AEA8-4A83-81DA-DEAA76B38DCB}.Release|Any CPU.Build.0 = Release|Any CPU
		{B235A313-9416-4BCA-8EFF-32955ED6EFF9}.Debug|Any CPU.ActiveCfg = Debug|Any CPU
		{B235A313-9416-4BCA-8EFF-32955ED6EFF9}.Debug|Any CPU.Build.0 = Debug|Any CPU
		{B235A313-9416-4BCA-8EFF-32955ED6EFF9}.Release|Any CPU.ActiveCfg = Release|Any CPU
		{B235A313-9416-4BCA-8EFF-32955ED6EFF9}.Release|Any CPU.Build.0 = Release|Any CPU
		{3F59EA59-F834-44CB-9128-36DC8695B386}.Debug|Any CPU.ActiveCfg = Debug|Any CPU
		{3F59EA59-F834-44CB-9128-36DC8695B386}.Debug|Any CPU.Build.0 = Debug|Any CPU
		{3F59EA59-F834-44CB-9128-36DC8695B386}.Release|Any CPU.ActiveCfg = Release|Any CPU
		{3F59EA59-F834-44CB-9128-36DC8695B386}.Release|Any CPU.Build.0 = Release|Any CPU
		{F43517A2-7C1F-4AE7-BBEA-8410CED886C8}.Debug|Any CPU.ActiveCfg = Debug|Any CPU
		{F43517A2-7C1F-4AE7-BBEA-8410CED886C8}.Debug|Any CPU.Build.0 = Debug|Any CPU
		{F43517A2-7C1F-4AE7-BBEA-8410CED886C8}.Release|Any CPU.ActiveCfg = Release|Any CPU
		{F43517A2-7C1F-4AE7-BBEA-8410CED886C8}.Release|Any CPU.Build.0 = Release|Any CPU
		{13A9131D-430B-4C3E-95A2-7D0E489C41B8}.Debug|Any CPU.ActiveCfg = Debug|Any CPU
		{13A9131D-430B-4C3E-95A2-7D0E489C41B8}.Debug|Any CPU.Build.0 = Debug|Any CPU
		{13A9131D-430B-4C3E-95A2-7D0E489C41B8}.Release|Any CPU.ActiveCfg = Release|Any CPU
		{13A9131D-430B-4C3E-95A2-7D0E489C41B8}.Release|Any CPU.Build.0 = Release|Any CPU
		{02DF4966-78D6-4255-8DF3-664D3106A3F6}.Debug|Any CPU.ActiveCfg = Debug|Any CPU
		{02DF4966-78D6-4255-8DF3-664D3106A3F6}.Debug|Any CPU.Build.0 = Debug|Any CPU
		{02DF4966-78D6-4255-8DF3-664D3106A3F6}.Release|Any CPU.ActiveCfg = Release|Any CPU
		{02DF4966-78D6-4255-8DF3-664D3106A3F6}.Release|Any CPU.Build.0 = Release|Any CPU
		{2844E557-44B0-44C6-B462-2D6059D7BDA1}.Debug|Any CPU.ActiveCfg = Debug|Any CPU
		{2844E557-44B0-44C6-B462-2D6059D7BDA1}.Debug|Any CPU.Build.0 = Debug|Any CPU
		{2844E557-44B0-44C6-B462-2D6059D7BDA1}.Release|Any CPU.ActiveCfg = Release|Any CPU
		{2844E557-44B0-44C6-B462-2D6059D7BDA1}.Release|Any CPU.Build.0 = Release|Any CPU
		{CE67499D-462D-4A1F-902E-84B0EF4C714B}.Debug|Any CPU.ActiveCfg = Debug|Any CPU
		{CE67499D-462D-4A1F-902E-84B0EF4C714B}.Debug|Any CPU.Build.0 = Debug|Any CPU
		{CE67499D-462D-4A1F-902E-84B0EF4C714B}.Release|Any CPU.ActiveCfg = Release|Any CPU
		{CE67499D-462D-4A1F-902E-84B0EF4C714B}.Release|Any CPU.Build.0 = Release|Any CPU
	EndGlobalSection
	GlobalSection(NestedProjects) = preSolution
		{A4E6F5CA-AEA8-4A83-81DA-DEAA76B38DCB} = {5B49CD99-0794-4ED0-BB8A-B258B08761BB}
		{B235A313-9416-4BCA-8EFF-32955ED6EFF9} = {5B49CD99-0794-4ED0-BB8A-B258B08761BB}
		{3F59EA59-F834-44CB-9128-36DC8695B386} = {5B49CD99-0794-4ED0-BB8A-B258B08761BB}
		{F43517A2-7C1F-4AE7-BBEA-8410CED886C8} = {23EC0DD1-BD70-45D8-AFF2-4AF7E99C196B}
		{13A9131D-430B-4C3E-95A2-7D0E489C41B8} = {0CE92EF6-2BC3-452A-9231-8B9A5FFAE13B}
		{02DF4966-78D6-4255-8DF3-664D3106A3F6} = {5B49CD99-0794-4ED0-BB8A-B258B08761BB}
		{2844E557-44B0-44C6-B462-2D6059D7BDA1} = {5B49CD99-0794-4ED0-BB8A-B258B08761BB}
		{CE67499D-462D-4A1F-902E-84B0EF4C714B} = {5B49CD99-0794-4ED0-BB8A-B258B08761BB}
	EndGlobalSection
EndGlobal
