
Microsoft Visual Studio Solution File, Format Version 12.00
Project("{FAE04EC0-301F-11D3-BF4B-00C04F79EFBC}") = "ExampleESgRPC", "ExampleESgRPC\ExampleESgRPC.csproj", "{615B1047-80C6-44BC-B3D8-B085E3558983}"
EndProject
Global
	GlobalSection(SolutionConfigurationPlatforms) = preSolution
		Debug|Any CPU = Debug|Any CPU
		Release|Any CPU = Release|Any CPU
	EndGlobalSection
	GlobalSection(ProjectConfigurationPlatforms) = postSolution
		{615B1047-80C6-44BC-B3D8-B085E3558983}.Debug|Any CPU.ActiveCfg = Debug|Any CPU
		{615B1047-80C6-44BC-B3D8-B085E3558983}.Debug|Any CPU.Build.0 = Debug|Any CPU
		{615B1047-80C6-44BC-B3D8-B085E3558983}.Release|Any CPU.ActiveCfg = Release|Any CPU
		{615B1047-80C6-44BC-B3D8-B085E3558983}.Release|Any CPU.Build.0 = Release|Any CPU
	EndGlobalSection
	GlobalSection(NestedProjects) = preSolution
	EndGlobalSection
EndGlobal
